{
  "name": "cv_note",
  "version": "0.0.1",
  "lockfileVersion": 1,
  "requires": true,
  "dependencies": {
    "mathjax": {
      "version": "2.7.7",
      "resolved": "https://registry.npmjs.org/mathjax/-/mathjax-2.7.7.tgz",
      "integrity": "sha512-OOl0B2/0tSJAtAZarXnQuLDBLgTNRqiI9VqHTQzPsxf4okT2iIpDrvaklK9x2QEMD1sDj4yRn11Ygci41DxMAQ=="
    }
  }
}
